<?xml version="1.0" encoding="utf-8"?>
<Project ToolsVersion="4.0" xmlns="http://schemas.microsoft.com/developer/msbuild/2003">
  <ItemGroup>
    <Filter Include="Source Files">
      <UniqueIdentifier>{4FC737F1-C7A5-4376-A066-2A32D752A2FF}</UniqueIdentifier>
      <Extensions>cpp;c;cc;cxx;def;odl;idl;hpj;bat;asm;asmx</Extensions>
    </Filter>
    <Filter Include="Header Files">
      <UniqueIdentifier>{93995380-89BD-4b04-88EB-625FBE52EBFB}</UniqueIdentifier>
      <Extensions>h;hh;hpp;hxx;hm;inl;inc;xsd</Extensions>
    </Filter>
    <Filter Include="Resource Files">
      <UniqueIdentifier>{67DA6AB6-F800-4c08-8B7A-83BB121AAD01}</UniqueIdentifier>
      <Extensions>rc;ico;cur;bmp;dlg;rc2;rct;bin;rgs;gif;jpg;jpeg;jpe;resx;tiff;tif;png;wav;mfcribbon-ms</Extensions>
    </Filter>
    <Filter Include="BaseFrameWork">
      <UniqueIdentifier>{3e9d180c-d6e1-4ac4-a98e-fa9c226e1aa6}</UniqueIdentifier>
    </Filter>
    <Filter Include="BaseClass">
      <UniqueIdentifier>{9355fca9-a9e3-40c8-b82c-a4098058bfd4}</UniqueIdentifier>
    </Filter>
    <Filter Include="GameObject">
      <UniqueIdentifier>{98e19e03-b22d-4438-9f39-e93c84b5c341}</UniqueIdentifier>
    </Filter>
    <Filter Include="RawResource">
      <UniqueIdentifier>{9d237a5d-20c7-4fb1-aecd-f91fd03ff5c7}</UniqueIdentifier>
    </Filter>
    <Filter Include="GameMain">
      <UniqueIdentifier>{0bed4b81-6fed-4d97-8f4f-1383a8be7ca3}</UniqueIdentifier>
    </Filter>
    <Filter Include="Other">
      <UniqueIdentifier>{774e1591-4343-48cf-a728-8595a5bc1379}</UniqueIdentifier>
    </Filter>
    <Filter Include="Utility">
      <UniqueIdentifier>{699ed08f-9fba-4060-9cd8-ace0cb98f62f}</UniqueIdentifier>
    </Filter>
    <Filter Include="Utility\include">
      <UniqueIdentifier>{b7004347-aa3a-452b-b912-36d510767e77}</UniqueIdentifier>
    </Filter>
    <Filter Include="Utility\src">
      <UniqueIdentifier>{b94eac92-4c19-4cdd-b8fa-5c4e6715e10b}</UniqueIdentifier>
    </Filter>
    <Filter Include="Manager">
      <UniqueIdentifier>{3752d9bb-acff-4f89-813b-17a6091634dd}</UniqueIdentifier>
    </Filter>
    <Filter Include="Manager\SceneManager">
      <UniqueIdentifier>{d4348118-9eda-4a75-8af8-bfc1db030e73}</UniqueIdentifier>
    </Filter>
    <Filter Include="Manager\SoundManager">
      <UniqueIdentifier>{da9da5b1-77ef-44a1-8f65-3ba895f795c4}</UniqueIdentifier>
    </Filter>
    <Filter Include="Manager\SoundManager\include">
      <UniqueIdentifier>{dc6b978d-8354-45d3-acfd-724797fe720e}</UniqueIdentifier>
    </Filter>
    <Filter Include="Manager\SoundManager\src">
      <UniqueIdentifier>{72c4ebaf-ef26-4f6c-a530-b18b7516725d}</UniqueIdentifier>
    </Filter>
    <Filter Include="BaseClass\include">
      <UniqueIdentifier>{bc3cdfb9-87dc-4683-aa29-802c465e767a}</UniqueIdentifier>
    </Filter>
    <Filter Include="BaseClass\src">
      <UniqueIdentifier>{308cf0f7-82b0-4308-acb9-929aa3013281}</UniqueIdentifier>
    </Filter>
    <Filter Include="BaseFrameWork\include">
      <UniqueIdentifier>{aa24ab3a-396f-45fd-9bcf-f5396dc850f8}</UniqueIdentifier>
    </Filter>
    <Filter Include="BaseFrameWork\src">
      <UniqueIdentifier>{61ccc631-97f6-4005-baa8-5b3766648f04}</UniqueIdentifier>
    </Filter>
    <Filter Include="GameMain\include">
      <UniqueIdentifier>{84f92f9a-d710-411f-93c4-d596f0eb10cd}</UniqueIdentifier>
    </Filter>
    <Filter Include="GameMain\src">
      <UniqueIdentifier>{ab475256-4bee-4d97-87bb-c5838d0cb341}</UniqueIdentifier>
    </Filter>
    <Filter Include="Other\include">
      <UniqueIdentifier>{78221a44-9155-4ef8-9661-2d1998bf68ad}</UniqueIdentifier>
    </Filter>
    <Filter Include="Other\src">
      <UniqueIdentifier>{d9295e51-75aa-4c27-8783-a1b122f3164b}</UniqueIdentifier>
    </Filter>
    <Filter Include="GameObject\include">
      <UniqueIdentifier>{002daaa7-1e72-4988-9503-c4b48a12d3f7}</UniqueIdentifier>
    </Filter>
    <Filter Include="GameObject\src">
      <UniqueIdentifier>{91f02cda-3d7a-46f1-9a6c-3ed7d5cb520c}</UniqueIdentifier>
    </Filter>
  </ItemGroup>
  <ItemGroup>
    <ClInclude Include="define.h">
      <Filter>Header Files</Filter>
    </ClInclude>
    <ClInclude Include="Trace.h">
      <Filter>Utility\include</Filter>
    </ClInclude>
    <ClInclude Include="Utils.h">
      <Filter>Utility\include</Filter>
    </ClInclude>
    <ClInclude Include="Audio.h">
      <Filter>Manager\SoundManager\include</Filter>
    </ClInclude>
    <ClInclude Include="Sound.h">
      <Filter>Manager\SoundManager\include</Filter>
    </ClInclude>
    <ClInclude Include="Camera.h">
      <Filter>BaseClass\include</Filter>
    </ClInclude>
    <ClInclude Include="Collision.h">
      <Filter>BaseClass\include</Filter>
    </ClInclude>
    <ClInclude Include="CollisionRect.h">
      <Filter>BaseClass\include</Filter>
    </ClInclude>
    <ClInclude Include="Object.h">
      <Filter>BaseClass\include</Filter>
    </ClInclude>
    <ClInclude Include="FGraphics.h">
      <Filter>BaseFrameWork\include</Filter>
    </ClInclude>
    <ClInclude Include="FKeyBoard.h">
      <Filter>BaseFrameWork\include</Filter>
    </ClInclude>
    <ClInclude Include="Game.h">
      <Filter>GameMain\include</Filter>
    </ClInclude>
    <ClInclude Include="Window.h">
      <Filter>GameMain\include</Filter>
    </ClInclude>
    <ClInclude Include="define_Category.h">
      <Filter>Header Files</Filter>
    </ClInclude>
    <ClInclude Include="define_CollisionType.h">
      <Filter>Header Files</Filter>
    </ClInclude>
    <ClInclude Include="define_eSceneID.h">
      <Filter>Header Files</Filter>
    </ClInclude>
    <ClInclude Include="Global.h">
      <Filter>Other\include</Filter>
    </ClInclude>
    <ClInclude Include="QuadNode.h">
      <Filter>Other\include</Filter>
    </ClInclude>
    <ClInclude Include="QuadTree.h">
      <Filter>Other\include</Filter>
    </ClInclude>
    <ClInclude Include="Sprite.h">
      <Filter>BaseClass\include</Filter>
    </ClInclude>
    <ClInclude Include="Animation.h">
      <Filter>BaseClass\include</Filter>
    </ClInclude>
  </ItemGroup>
  <ItemGroup>
    <ClCompile Include="main.cpp">
      <Filter>Resource Files</Filter>
    </ClCompile>
    <ClCompile Include="Audio.cpp">
      <Filter>Manager\SoundManager\src</Filter>
    </ClCompile>
    <ClCompile Include="Sound.cpp">
      <Filter>Manager\SoundManager\src</Filter>
    </ClCompile>
    <ClCompile Include="Camera.cpp">
      <Filter>BaseClass\src</Filter>
    </ClCompile>
    <ClCompile Include="Collision.cpp">
      <Filter>BaseClass\src</Filter>
    </ClCompile>
    <ClCompile Include="CollisionRect.cpp">
      <Filter>BaseClass\src</Filter>
    </ClCompile>
    <ClCompile Include="Object.cpp">
      <Filter>BaseClass\src</Filter>
    </ClCompile>
    <ClCompile Include="FGraphics.cpp">
      <Filter>BaseFrameWork\src</Filter>
    </ClCompile>
    <ClCompile Include="FKeyBoard.cpp">
      <Filter>BaseFrameWork\src</Filter>
    </ClCompile>
    <ClCompile Include="Game.cpp">
      <Filter>GameMain\src</Filter>
    </ClCompile>
    <ClCompile Include="Window.cpp">
      <Filter>GameMain\src</Filter>
    </ClCompile>
    <ClCompile Include="Global.cpp">
      <Filter>Other\src</Filter>
    </ClCompile>
    <ClCompile Include="QuadNode.cpp">
      <Filter>Other\src</Filter>
    </ClCompile>
    <ClCompile Include="QuadTree.cpp">
      <Filter>Other\src</Filter>
    </ClCompile>
    <ClCompile Include="Trace.cpp">
      <Filter>Utility\src</Filter>
    </ClCompile>
    <ClCompile Include="Utils.cpp">
      <Filter>Utility\src</Filter>
    </ClCompile>
    <ClCompile Include="Sprite.cpp">
      <Filter>BaseClass\src</Filter>
    </ClCompile>
    <ClCompile Include="Animation.cpp">
      <Filter>BaseClass\src</Filter>
    </ClCompile>
  </ItemGroup>
</Project>